{
  "nodes": {
    "astreaPkg": {
      "inputs": {
        "nixpkgs": "nixpkgs"
      },
      "locked": {
        "lastModified": 1728116159,
        "narHash": "sha256-ThyRkiJgTCcVHnf/XiUaB+pTzdpQHz0QgLLWn7T5B/c=",
        "type": "tarball",
        "url": "http://gitea.nul/astro/astrea/archive/v0.7.7.tar.gz"
      },
      "original": {
        "type": "tarball",
        "url": "http://gitea.nul/astro/astrea/archive/v0.7.7.tar.gz"
      }
    },
    "nixpkgs": {
      "locked": {
        "lastModified": 1727907660,
        "narHash": "sha256-QftbyPoieM5M50WKUMzQmWtBWib/ZJbHo7mhj5riQec=",
        "owner": "NixOS",
        "repo": "nixpkgs",
        "rev": "5966581aa04be7eff830b9e1457d56dc70a0b798",
        "type": "github"
      },
      "original": {
        "id": "nixpkgs",
        "ref": "nixos-24.05",
        "type": "indirect"
      }
    },
    "nixpkgs_2": {
      "locked": {
        "lastModified": 1727907660,
        "narHash": "sha256-QftbyPoieM5M50WKUMzQmWtBWib/ZJbHo7mhj5riQec=",
        "owner": "NixOS",
        "repo": "nixpkgs",
        "rev": "5966581aa04be7eff830b9e1457d56dc70a0b798",
        "type": "github"
      },
      "original": {
        "id": "nixpkgs",
        "ref": "nixos-24.05",
        "type": "indirect"
      }
    },
    "root": {
      "inputs": {
        "astreaPkg": "astreaPkg",
        "nixpkgs": "nixpkgs_2"
      }
    }
  },
  "root": "root",
  "version": 7
}
